
Microsoft Visual Studio Solution File, Format Version 12.00
# Visual Studio Version 17
VisualStudioVersion = 17.6.33717.318
MinimumVisualStudioVersion = 10.0.40219.1
Project("{FAE04EC0-301F-11D3-BF4B-00C04F79EFBC}") = "DrMuscle.Android", "DrMuscle.Android\DrMuscle.Android.csproj", "{33B156E8-34BD-4CDF-B104-1855937D614F}"
EndProject
Project("{FAE04EC0-301F-11D3-BF4B-00C04F79EFBC}") = "DrMuscle.iOS", "DrMuscle.iOS\DrMuscle.iOS.csproj", "{8BEAC681-0E5C-4087-A5F6-B17A9CA3FE0B}"
EndProject
Project("{FAE04EC0-301F-11D3-BF4B-00C04F79EFBC}") = "DrMuscle", "DrMuscle\DrMuscle.csproj", "{FEA95BB8-C65C-476F-BE0F-892A14D1EBF9}"
EndProject
Global
	GlobalSection(SolutionConfigurationPlatforms) = preSolution
		Debug|Any CPU = Debug|Any CPU
		Debug|iPhone = Debug|iPhone
		Debug|iPhoneSimulator = Debug|iPhoneSimulator
		Release|Any CPU = Release|Any CPU
		Release|iPhone = Release|iPhone
		Release|iPhoneSimulator = Release|iPhoneSimulator
	EndGlobalSection
	GlobalSection(ProjectConfigurationPlatforms) = postSolution
		{33B156E8-34BD-4CDF-B104-1855937D614F}.Debug|Any CPU.ActiveCfg = Debug|Any CPU
		{33B156E8-34BD-4CDF-B104-1855937D614F}.Debug|Any CPU.Build.0 = Debug|Any CPU
		{33B156E8-34BD-4CDF-B104-1855937D614F}.Debug|Any CPU.Deploy.0 = Debug|Any CPU
		{33B156E8-34BD-4CDF-B104-1855937D614F}.Debug|iPhone.ActiveCfg = Debug|Any CPU
		{33B156E8-34BD-4CDF-B104-1855937D614F}.Debug|iPhone.Build.0 = Debug|Any CPU
		{33B156E8-34BD-4CDF-B104-1855937D614F}.Debug|iPhone.Deploy.0 = Debug|Any CPU
		{33B156E8-34BD-4CDF-B104-1855937D614F}.Debug|iPhoneSimulator.ActiveCfg = Debug|Any CPU
		{33B156E8-34BD-4CDF-B104-1855937D614F}.Debug|iPhoneSimulator.Build.0 = Debug|Any CPU
		{33B156E8-34BD-4CDF-B104-1855937D614F}.Debug|iPhoneSimulator.Deploy.0 = Debug|Any CPU
		{33B156E8-34BD-4CDF-B104-1855937D614F}.Release|Any CPU.ActiveCfg = Release|Any CPU
		{33B156E8-34BD-4CDF-B104-1855937D614F}.Release|Any CPU.Build.0 = Release|Any CPU
		{33B156E8-34BD-4CDF-B104-1855937D614F}.Release|Any CPU.Deploy.0 = Release|Any CPU
		{33B156E8-34BD-4CDF-B104-1855937D614F}.Release|iPhone.ActiveCfg = Release|Any CPU
		{33B156E8-34BD-4CDF-B104-1855937D614F}.Release|iPhone.Build.0 = Release|Any CPU
		{33B156E8-34BD-4CDF-B104-1855937D614F}.Release|iPhone.Deploy.0 = Release|Any CPU
		{33B156E8-34BD-4CDF-B104-1855937D614F}.Release|iPhoneSimulator.ActiveCfg = Release|Any CPU
		{33B156E8-34BD-4CDF-B104-1855937D614F}.Release|iPhoneSimulator.Build.0 = Release|Any CPU
		{33B156E8-34BD-4CDF-B104-1855937D614F}.Release|iPhoneSimulator.Deploy.0 = Release|Any CPU
		{8BEAC681-0E5C-4087-A5F6-B17A9CA3FE0B}.Debug|Any CPU.ActiveCfg = Debug|iPhone
		{8BEAC681-0E5C-4087-A5F6-B17A9CA3FE0B}.Debug|Any CPU.Build.0 = Debug|iPhone
		{8BEAC681-0E5C-4087-A5F6-B17A9CA3FE0B}.Debug|Any CPU.Deploy.0 = Debug|iPhone
		{8BEAC681-0E5C-4087-A5F6-B17A9CA3FE0B}.Debug|iPhone.ActiveCfg = Debug|iPhone
		{8BEAC681-0E5C-4087-A5F6-B17A9CA3FE0B}.Debug|iPhone.Build.0 = Debug|iPhone
		{8BEAC681-0E5C-4087-A5F6-B17A9CA3FE0B}.Debug|iPhone.Deploy.0 = Debug|iPhone
		{8BEAC681-0E5C-4087-A5F6-B17A9CA3FE0B}.Debug|iPhoneSimulator.ActiveCfg = Debug|iPhoneSimulator
		{8BEAC681-0E5C-4087-A5F6-B17A9CA3FE0B}.Debug|iPhoneSimulator.Build.0 = Debug|iPhoneSimulator
		{8BEAC681-0E5C-4087-A5F6-B17A9CA3FE0B}.Debug|iPhoneSimulator.Deploy.0 = Debug|iPhoneSimulator
		{8BEAC681-0E5C-4087-A5F6-B17A9CA3FE0B}.Release|Any CPU.ActiveCfg = Release|iPhoneSimulator
		{8BEAC681-0E5C-4087-A5F6-B17A9CA3FE0B}.Release|Any CPU.Build.0 = Release|iPhoneSimulator
		{8BEAC681-0E5C-4087-A5F6-B17A9CA3FE0B}.Release|Any CPU.Deploy.0 = Release|iPhoneSimulator
		{8BEAC681-0E5C-4087-A5F6-B17A9CA3FE0B}.Release|iPhone.ActiveCfg = Release|iPhone
		{8BEAC681-0E5C-4087-A5F6-B17A9CA3FE0B}.Release|iPhone.Build.0 = Release|iPhone
		{8BEAC681-0E5C-4087-A5F6-B17A9CA3FE0B}.Release|iPhone.Deploy.0 = Release|iPhone
		{8BEAC681-0E5C-4087-A5F6-B17A9CA3FE0B}.Release|iPhoneSimulator.ActiveCfg = Release|iPhoneSimulator
		{8BEAC681-0E5C-4087-A5F6-B17A9CA3FE0B}.Release|iPhoneSimulator.Build.0 = Release|iPhoneSimulator
		{8BEAC681-0E5C-4087-A5F6-B17A9CA3FE0B}.Release|iPhoneSimulator.Deploy.0 = Release|iPhoneSimulator
		{FEA95BB8-C65C-476F-BE0F-892A14D1EBF9}.Debug|Any CPU.ActiveCfg = Debug|Any CPU
		{FEA95BB8-C65C-476F-BE0F-892A14D1EBF9}.Debug|Any CPU.Build.0 = Debug|Any CPU
		{FEA95BB8-C65C-476F-BE0F-892A14D1EBF9}.Debug|Any CPU.Deploy.0 = Debug|Any CPU
		{FEA95BB8-C65C-476F-BE0F-892A14D1EBF9}.Debug|iPhone.ActiveCfg = Debug|Any CPU
		{FEA95BB8-C65C-476F-BE0F-892A14D1EBF9}.Debug|iPhone.Build.0 = Debug|Any CPU
		{FEA95BB8-C65C-476F-BE0F-892A14D1EBF9}.Debug|iPhone.Deploy.0 = Debug|Any CPU
		{FEA95BB8-C65C-476F-BE0F-892A14D1EBF9}.Debug|iPhoneSimulator.ActiveCfg = Debug|Any CPU
		{FEA95BB8-C65C-476F-BE0F-892A14D1EBF9}.Debug|iPhoneSimulator.Build.0 = Debug|Any CPU
		{FEA95BB8-C65C-476F-BE0F-892A14D1EBF9}.Debug|iPhoneSimulator.Deploy.0 = Debug|Any CPU
		{FEA95BB8-C65C-476F-BE0F-892A14D1EBF9}.Release|Any CPU.ActiveCfg = Release|Any CPU
		{FEA95BB8-C65C-476F-BE0F-892A14D1EBF9}.Release|Any CPU.Build.0 = Release|Any CPU
		{FEA95BB8-C65C-476F-BE0F-892A14D1EBF9}.Release|Any CPU.Deploy.0 = Release|Any CPU
		{FEA95BB8-C65C-476F-BE0F-892A14D1EBF9}.Release|iPhone.ActiveCfg = Release|Any CPU
		{FEA95BB8-C65C-476F-BE0F-892A14D1EBF9}.Release|iPhone.Build.0 = Release|Any CPU
		{FEA95BB8-C65C-476F-BE0F-892A14D1EBF9}.Release|iPhone.Deploy.0 = Release|Any CPU
		{FEA95BB8-C65C-476F-BE0F-892A14D1EBF9}.Release|iPhoneSimulator.ActiveCfg = Release|Any CPU
		{FEA95BB8-C65C-476F-BE0F-892A14D1EBF9}.Release|iPhoneSimulator.Build.0 = Release|Any CPU
		{FEA95BB8-C65C-476F-BE0F-892A14D1EBF9}.Release|iPhoneSimulator.Deploy.0 = Release|Any CPU
	EndGlobalSection
	GlobalSection(SolutionProperties) = preSolution
		HideSolutionNode = FALSE
	EndGlobalSection
	GlobalSection(ExtensibilityGlobals) = postSolution
		SolutionGuid = {9538E938-CD57-45A9-821B-70A3E3634F86}
	EndGlobalSection
EndGlobal
